
Microsoft Visual Studio Solution File, Format Version 11.00
# Visual Studio 2010
Project("{2150E333-8FDC-42A3-9474-1A3956D46DE8}") = "General", "General", "{46FE488C-A2C1-4B43-BF22-07C0F75676F8}"
EndProject
Project("{8BC9CEB8-8B4A-11D0-8D11-00A0C91BC942}") = "Explorer", "General\Explorer\Explorer.vcxproj", "{D3CAD630-6DA9-4CA9-8E00-FE01C2B9DF40}"
EndProject
Global
	GlobalSection(SolutionConfigurationPlatforms) = preSolution
		Debug|Win32 = Debug|Win32
		Release|Win32 = Release|Win32
	EndGlobalSection
	GlobalSection(ProjectConfigurationPlatforms) = postSolution
		{D3CAD630-6DA9-4CA9-8E00-FE01C2B9DF40}.Debug|Win32.ActiveCfg = Debug|Win32
		{D3CAD630-6DA9-4CA9-8E00-FE01C2B9DF40}.Release|Win32.ActiveCfg = Release|Win32
	EndGlobalSection
	GlobalSection(SolutionProperties) = preSolution
		HideSolutionNode = FALSE
	EndGlobalSection
	GlobalSection(NestedProjects) = preSolution
		{D3CAD630-6DA9-4CA9-8E00-FE01C2B9DF40} = {46FE488C-A2C1-4B43-BF22-07C0F75676F8}
	EndGlobalSection
EndGlobal
